// !$*UTF8*$!
{
	archiveVersion = 1;
	classes = {
	};
	objectVersion = 50;
	objects = {

/* Begin PBXBuildFile section */
		236978D52448437200E97764 /* AppDelegate.swift in Sources */ = {isa = PBXBuildFile; fileRef = 236978D42448437200E97764 /* AppDelegate.swift */; };
		236978D72448437200E97764 /* SceneDelegate.swift in Sources */ = {isa = PBXBuildFile; fileRef = 236978D62448437200E97764 /* SceneDelegate.swift */; };
		236978D92448437200E97764 /* ViewController.swift in Sources */ = {isa = PBXBuildFile; fileRef = 236978D82448437200E97764 /* ViewController.swift */; };
		236978DC2448437200E97764 /* Main.storyboard in Resources */ = {isa = PBXBuildFile; fileRef = 236978DA2448437200E97764 /* Main.storyboard */; };
		236978DF2448437200E97764 /* Test_DrawFramework.xcdatamodeld in Sources */ = {isa = PBXBuildFile; fileRef = 236978DD2448437200E97764 /* Test_DrawFramework.xcdatamodeld */; };
		236978E12448437600E97764 /* Assets.xcassets in Resources */ = {isa = PBXBuildFile; fileRef = 236978E02448437600E97764 /* Assets.xcassets */; };
		236978E42448437600E97764 /* LaunchScreen.storyboard in Resources */ = {isa = PBXBuildFile; fileRef = 236978E22448437600E97764 /* LaunchScreen.storyboard */; };
		236978EC2448439400E97764 /* Diagram.swift in Sources */ = {isa = PBXBuildFile; fileRef = 236978EB2448439400E97764 /* Diagram.swift */; };
		236978EE244844AD00E97764 /* CGSize+Extension.swift in Sources */ = {isa = PBXBuildFile; fileRef = 236978ED244844AD00E97764 /* CGSize+Extension.swift */; };
		236978F0244846E600E97764 /* DrawExtension.swift in Sources */ = {isa = PBXBuildFile; fileRef = 236978EF244846E600E97764 /* DrawExtension.swift */; };
		236978F224484BF600E97764 /* DrawView.swift in Sources */ = {isa = PBXBuildFile; fileRef = 236978F124484BF600E97764 /* DrawView.swift */; };
		236978F5244867E900E97764 /* Snake.swift in Sources */ = {isa = PBXBuildFile; fileRef = 236978F4244867E900E97764 /* Snake.swift */; };
		236978F724486C3400E97764 /* SnakeDrawView.swift in Sources */ = {isa = PBXBuildFile; fileRef = 236978F624486C3400E97764 /* SnakeDrawView.swift */; };
		236978F924486F9A00E97764 /* DoubleSideQueue.swift in Sources */ = {isa = PBXBuildFile; fileRef = 236978F824486F9A00E97764 /* DoubleSideQueue.swift */; };
		236978FC24499E1400E97764 /* BaseShape.swift in Sources */ = {isa = PBXBuildFile; fileRef = 236978FB24499E1400E97764 /* BaseShape.swift */; };
		236978FE2449A24F00E97764 /* OtherDrawView.swift in Sources */ = {isa = PBXBuildFile; fileRef = 236978FD2449A24F00E97764 /* OtherDrawView.swift */; };
		236979002449B0FB00E97764 /* Relations.swift in Sources */ = {isa = PBXBuildFile; fileRef = 236978FF2449B0FB00E97764 /* Relations.swift */; };
/* End PBXBuildFile section */

/* Begin PBXFileReference section */
		236978D12448437200E97764 /* Test_DrawFramework.app */ = {isa = PBXFileReference; explicitFileType = wrapper.application; includeInIndex = 0; path = Test_DrawFramework.app; sourceTree = BUILT_PRODUCTS_DIR; };
		236978D42448437200E97764 /* AppDelegate.swift */ = {isa = PBXFileReference; lastKnownFileType = sourcecode.swift; path = AppDelegate.swift; sourceTree = "<group>"; };
		236978D62448437200E97764 /* SceneDelegate.swift */ = {isa = PBXFileReference; lastKnownFileType = sourcecode.swift; path = SceneDelegate.swift; sourceTree = "<group>"; };
		236978D82448437200E97764 /* ViewController.swift */ = {isa = PBXFileReference; lastKnownFileType = sourcecode.swift; path = ViewController.swift; sourceTree = "<group>"; };
		236978DB2448437200E97764 /* Base */ = {isa = PBXFileReference; lastKnownFileType = file.storyboard; name = Base; path = Base.lproj/Main.storyboard; sourceTree = "<group>"; };
		236978DE2448437200E97764 /* Test_DrawFramework.xcdatamodel */ = {isa = PBXFileReference; lastKnownFileType = wrapper.xcdatamodel; path = Test_DrawFramework.xcdatamodel; sourceTree = "<group>"; };
		236978E02448437600E97764 /* Assets.xcassets */ = {isa = PBXFileReference; lastKnownFileType = folder.assetcatalog; path = Assets.xcassets; sourceTree = "<group>"; };
		236978E32448437600E97764 /* Base */ = {isa = PBXFileReference; lastKnownFileType = file.storyboard; name = Base; path = Base.lproj/LaunchScreen.storyboard; sourceTree = "<group>"; };
		236978E52448437600E97764 /* Info.plist */ = {isa = PBXFileReference; lastKnownFileType = text.plist.xml; path = Info.plist; sourceTree = "<group>"; };
		236978EB2448439400E97764 /* Diagram.swift */ = {isa = PBXFileReference; lastKnownFileType = sourcecode.swift; path = Diagram.swift; sourceTree = "<group>"; };
		236978ED244844AD00E97764 /* CGSize+Extension.swift */ = {isa = PBXFileReference; lastKnownFileType = sourcecode.swift; path = "CGSize+Extension.swift"; sourceTree = "<group>"; };
		236978EF244846E600E97764 /* DrawExtension.swift */ = {isa = PBXFileReference; lastKnownFileType = sourcecode.swift; path = DrawExtension.swift; sourceTree = "<group>"; };
		236978F124484BF600E97764 /* DrawView.swift */ = {isa = PBXFileReference; lastKnownFileType = sourcecode.swift; path = DrawView.swift; sourceTree = "<group>"; };
		236978F4244867E900E97764 /* Snake.swift */ = {isa = PBXFileReference; lastKnownFileType = sourcecode.swift; path = Snake.swift; sourceTree = "<group>"; };
		236978F624486C3400E97764 /* SnakeDrawView.swift */ = {isa = PBXFileReference; lastKnownFileType = sourcecode.swift; path = SnakeDrawView.swift; sourceTree = "<group>"; };
		236978F824486F9A00E97764 /* DoubleSideQueue.swift */ = {isa = PBXFileReference; lastKnownFileType = sourcecode.swift; path = DoubleSideQueue.swift; sourceTree = "<group>"; };
		236978FB24499E1400E97764 /* BaseShape.swift */ = {isa = PBXFileReference; lastKnownFileType = sourcecode.swift; path = BaseShape.swift; sourceTree = "<group>"; };
		236978FD2449A24F00E97764 /* OtherDrawView.swift */ = {isa = PBXFileReference; lastKnownFileType = sourcecode.swift; path = OtherDrawView.swift; sourceTree = "<group>"; };
		236978FF2449B0FB00E97764 /* Relations.swift */ = {isa = PBXFileReference; lastKnownFileType = sourcecode.swift; path = Relations.swift; sourceTree = "<group>"; };
/* End PBXFileReference section */

/* Begin PBXFrameworksBuildPhase section */
		236978CE2448437200E97764 /* Frameworks */ = {
			isa = PBXFrameworksBuildPhase;
			buildActionMask = 2147483647;
			files = (
			);
			runOnlyForDeploymentPostprocessing = 0;
		};
/* End PBXFrameworksBuildPhase section */

/* Begin PBXGroup section */
		236978C82448437200E97764 = {
			isa = PBXGroup;
			children = (
				236978D32448437200E97764 /* Test_DrawFramework */,
				236978D22448437200E97764 /* Products */,
			);
			sourceTree = "<group>";
		};
		236978D22448437200E97764 /* Products */ = {
			isa = PBXGroup;
			children = (
				236978D12448437200E97764 /* Test_DrawFramework.app */,
			);
			name = Products;
			sourceTree = "<group>";
		};
		236978D32448437200E97764 /* Test_DrawFramework */ = {
			isa = PBXGroup;
			children = (
				236978D42448437200E97764 /* AppDelegate.swift */,
				236978D62448437200E97764 /* SceneDelegate.swift */,
				236978D82448437200E97764 /* ViewController.swift */,
				236978EB2448439400E97764 /* Diagram.swift */,
				236978ED244844AD00E97764 /* CGSize+Extension.swift */,
				236978EF244846E600E97764 /* DrawExtension.swift */,
				236978F124484BF600E97764 /* DrawView.swift */,
				236978FA24499E0100E97764 /* NomalDraw */,
				236978F3244867D700E97764 /* snake */,
				236978DA2448437200E97764 /* Main.storyboard */,
				236978E02448437600E97764 /* Assets.xcassets */,
				236978E22448437600E97764 /* LaunchScreen.storyboard */,
				236978E52448437600E97764 /* Info.plist */,
				236978DD2448437200E97764 /* Test_DrawFramework.xcdatamodeld */,
			);
			path = Test_DrawFramework;
			sourceTree = "<group>";
		};
		236978F3244867D700E97764 /* snake */ = {
			isa = PBXGroup;
			children = (
				236978F4244867E900E97764 /* Snake.swift */,
				236978F824486F9A00E97764 /* DoubleSideQueue.swift */,
				236978F624486C3400E97764 /* SnakeDrawView.swift */,
			);
			path = snake;
			sourceTree = "<group>";
		};
		236978FA24499E0100E97764 /* NomalDraw */ = {
			isa = PBXGroup;
			children = (
				236978FB24499E1400E97764 /* BaseShape.swift */,
				236978FF2449B0FB00E97764 /* Relations.swift */,
				236978FD2449A24F00E97764 /* OtherDrawView.swift */,
			);
			path = NomalDraw;
			sourceTree = "<group>";
		};
/* End PBXGroup section */

/* Begin PBXNativeTarget section */
		236978D02448437200E97764 /* Test_DrawFramework */ = {
			isa = PBXNativeTarget;
			buildConfigurationList = 236978E82448437600E97764 /* Build configuration list for PBXNativeTarget "Test_DrawFramework" */;
			buildPhases = (
				236978CD2448437200E97764 /* Sources */,
				236978CE2448437200E97764 /* Frameworks */,
				236978CF2448437200E97764 /* Resources */,
			);
			buildRules = (
			);
			dependencies = (
			);
			name = Test_DrawFramework;
			productName = Test_DrawFramework;
			productReference = 236978D12448437200E97764 /* Test_DrawFramework.app */;
			productType = "com.apple.product-type.application";
		};
/* End PBXNativeTarget section */

/* Begin PBXProject section */
		236978C92448437200E97764 /* Project object */ = {
			isa = PBXProject;
			attributes = {
				LastSwiftUpdateCheck = 1130;
				LastUpgradeCheck = 1130;
				ORGANIZATIONNAME = Doby;
				TargetAttributes = {
					236978D02448437200E97764 = {
						CreatedOnToolsVersion = 11.3;
					};
				};
			};
			buildConfigurationList = 236978CC2448437200E97764 /* Build configuration list for PBXProject "Test_DrawFramework" */;
			compatibilityVersion = "Xcode 9.3";
			developmentRegion = en;
			hasScannedForEncodings = 0;
			knownRegions = (
				en,
				Base,
			);
			mainGroup = 236978C82448437200E97764;
			productRefGroup = 236978D22448437200E97764 /* Products */;
			projectDirPath = "";
			projectRoot = "";
			targets = (
				236978D02448437200E97764 /* Test_DrawFramework */,
			);
		};
/* End PBXProject section */

/* Begin PBXResourcesBuildPhase section */
		236978CF2448437200E97764 /* Resources */ = {
			isa = PBXResourcesBuildPhase;
			buildActionMask = 2147483647;
			files = (
				236978E42448437600E97764 /* LaunchScreen.storyboard in Resources */,
				236978E12448437600E97764 /* Assets.xcassets in Resources */,
				236978DC2448437200E97764 /* Main.storyboard in Resources */,
			);
			runOnlyForDeploymentPostprocessing = 0;
		};
/* End PBXResourcesBuildPhase section */

/* Begin PBXSourcesBuildPhase section */
		236978CD2448437200E97764 /* Sources */ = {
			isa = PBXSourcesBuildPhase;
			buildActionMask = 2147483647;
			files = (
				236978D92448437200E97764 /* ViewController.swift in Sources */,
				236978F0244846E600E97764 /* DrawExtension.swift in Sources */,
				236978FC24499E1400E97764 /* BaseShape.swift in Sources */,
				236978FE2449A24F00E97764 /* OtherDrawView.swift in Sources */,
				236978F224484BF600E97764 /* DrawView.swift in Sources */,
				236978D52448437200E97764 /* AppDelegate.swift in Sources */,
				236978EE244844AD00E97764 /* CGSize+Extension.swift in Sources */,
				236978F924486F9A00E97764 /* DoubleSideQueue.swift in Sources */,
				236978DF2448437200E97764 /* Test_DrawFramework.xcdatamodeld in Sources */,
				236978EC2448439400E97764 /* Diagram.swift in Sources */,
				236978F724486C3400E97764 /* SnakeDrawView.swift in Sources */,
				236978D72448437200E97764 /* SceneDelegate.swift in Sources */,
				236978F5244867E900E97764 /* Snake.swift in Sources */,
				236979002449B0FB00E97764 /* Relations.swift in Sources */,
			);
			runOnlyForDeploymentPostprocessing = 0;
		};
/* End PBXSourcesBuildPhase section */

/* Begin PBXVariantGroup section */
		236978DA2448437200E97764 /* Main.storyboard */ = {
			isa = PBXVariantGroup;
			children = (
				236978DB2448437200E97764 /* Base */,
			);
			name = Main.storyboard;
			sourceTree = "<group>";
		};
		236978E22448437600E97764 /* LaunchScreen.storyboard */ = {
			isa = PBXVariantGroup;
			children = (
				236978E32448437600E97764 /* Base */,
			);
			name = LaunchScreen.storyboard;
			sourceTree = "<group>";
		};
/* End PBXVariantGroup section */

/* Begin XCBuildConfiguration section */
		236978E62448437600E97764 /* Debug */ = {
			isa = XCBuildConfiguration;
			buildSettings = {
				ALWAYS_SEARCH_USER_PATHS = NO;
				CLANG_ANALYZER_NONNULL = YES;
				CLANG_ANALYZER_NUMBER_OBJECT_CONVERSION = YES_AGGRESSIVE;
				CLANG_CXX_LANGUAGE_STANDARD = "gnu++14";
				CLANG_CXX_LIBRARY = "libc++";
				CLANG_ENABLE_MODULES = YES;
				CLANG_ENABLE_OBJC_ARC = YES;
				CLANG_ENABLE_OBJC_WEAK = YES;
				CLANG_WARN_BLOCK_CAPTURE_AUTORELEASING = YES;
				CLANG_WARN_BOOL_CONVERSION = YES;
				CLANG_WARN_COMMA = YES;
				CLANG_WARN_CONSTANT_CONVERSION = YES;
				CLANG_WARN_DEPRECATED_OBJC_IMPLEMENTATIONS = YES;
				CLANG_WARN_DIRECT_OBJC_ISA_USAGE = YES_ERROR;
				CLANG_WARN_DOCUMENTATION_COMMENTS = YES;
				CLANG_WARN_EMPTY_BODY = YES;
				CLANG_WARN_ENUM_CONVERSION = YES;
				CLANG_WARN_INFINITE_RECURSION = YES;
				CLANG_WARN_INT_CONVERSION = YES;
				CLANG_WARN_NON_LITERAL_NULL_CONVERSION = YES;
				CLANG_WARN_OBJC_IMPLICIT_RETAIN_SELF = YES;
				CLANG_WARN_OBJC_LITERAL_CONVERSION = YES;
				CLANG_WARN_OBJC_ROOT_CLASS = YES_ERROR;
				CLANG_WARN_RANGE_LOOP_ANALYSIS = YES;
				CLANG_WARN_STRICT_PROTOTYPES = YES;
				CLANG_WARN_SUSPICIOUS_MOVE = YES;
				CLANG_WARN_UNGUARDED_AVAILABILITY = YES_AGGRESSIVE;
				CLANG_WARN_UNREACHABLE_CODE = YES;
				CLANG_WARN__DUPLICATE_METHOD_MATCH = YES;
				COPY_PHASE_STRIP = NO;
				DEBUG_INFORMATION_FORMAT = dwarf;
				ENABLE_STRICT_OBJC_MSGSEND = YES;
				ENABLE_TESTABILITY = YES;
				GCC_C_LANGUAGE_STANDARD = gnu11;
				GCC_DYNAMIC_NO_PIC = NO;
				GCC_NO_COMMON_BLOCKS = YES;
				GCC_OPTIMIZATION_LEVEL = 0;
				GCC_PREPROCESSOR_DEFINITIONS = (
					"DEBUG=1",
					"$(inherited)",
				);
				GCC_WARN_64_TO_32_BIT_CONVERSION = YES;
				GCC_WARN_ABOUT_RETURN_TYPE = YES_ERROR;
				GCC_WARN_UNDECLARED_SELECTOR = YES;
				GCC_WARN_UNINITIALIZED_AUTOS = YES_AGGRESSIVE;
				GCC_WARN_UNUSED_FUNCTION = YES;
				GCC_WARN_UNUSED_VARIABLE = YES;
				IPHONEOS_DEPLOYMENT_TARGET = 13.2;
				MTL_ENABLE_DEBUG_INFO = INCLUDE_SOURCE;
				MTL_FAST_MATH = YES;
				ONLY_ACTIVE_ARCH = YES;
				SDKROOT = iphoneos;
				SWIFT_ACTIVE_COMPILATION_CONDITIONS = DEBUG;
				SWIFT_OPTIMIZATION_LEVEL = "-Onone";
			};
			name = Debug;
		};
		236978E72448437600E97764 /* Release */ = {
			isa = XCBuildConfiguration;
			buildSettings = {
				ALWAYS_SEARCH_USER_PATHS = NO;
				CLANG_ANALYZER_NONNULL = YES;
				CLANG_ANALYZER_NUMBER_OBJECT_CONVERSION = YES_AGGRESSIVE;
				CLANG_CXX_LANGUAGE_STANDARD = "gnu++14";
				CLANG_CXX_LIBRARY = "libc++";
				CLANG_ENABLE_MODULES = YES;
				CLANG_ENABLE_OBJC_ARC = YES;
				CLANG_ENABLE_OBJC_WEAK = YES;
				CLANG_WARN_BLOCK_CAPTURE_AUTORELEASING = YES;
				CLANG_WARN_BOOL_CONVERSION = YES;
				CLANG_WARN_COMMA = YES;
				CLANG_WARN_CONSTANT_CONVERSION = YES;
				CLANG_WARN_DEPRECATED_OBJC_IMPLEMENTATIONS = YES;
				CLANG_WARN_DIRECT_OBJC_ISA_USAGE = YES_ERROR;
				CLANG_WARN_DOCUMENTATION_COMMENTS = YES;
				CLANG_WARN_EMPTY_BODY = YES;
				CLANG_WARN_ENUM_CONVERSION = YES;
				CLANG_WARN_INFINITE_RECURSION = YES;
				CLANG_WARN_INT_CONVERSION = YES;
				CLANG_WARN_NON_LITERAL_NULL_CONVERSION = YES;
				CLANG_WARN_OBJC_IMPLICIT_RETAIN_SELF = YES;
				CLANG_WARN_OBJC_LITERAL_CONVERSION = YES;
				CLANG_WARN_OBJC_ROOT_CLASS = YES_ERROR;
				CLANG_WARN_RANGE_LOOP_ANALYSIS = YES;
				CLANG_WARN_STRICT_PROTOTYPES = YES;
				CLANG_WARN_SUSPICIOUS_MOVE = YES;
				CLANG_WARN_UNGUARDED_AVAILABILITY = YES_AGGRESSIVE;
				CLANG_WARN_UNREACHABLE_CODE = YES;
				CLANG_WARN__DUPLICATE_METHOD_MATCH = YES;
				COPY_PHASE_STRIP = NO;
				DEBUG_INFORMATION_FORMAT = "dwarf-with-dsym";
				ENABLE_NS_ASSERTIONS = NO;
				ENABLE_STRICT_OBJC_MSGSEND = YES;
				GCC_C_LANGUAGE_STANDARD = gnu11;
				GCC_NO_COMMON_BLOCKS = YES;
				GCC_WARN_64_TO_32_BIT_CONVERSION = YES;
				GCC_WARN_ABOUT_RETURN_TYPE = YES_ERROR;
				GCC_WARN_UNDECLARED_SELECTOR = YES;
				GCC_WARN_UNINITIALIZED_AUTOS = YES_AGGRESSIVE;
				GCC_WARN_UNUSED_FUNCTION = YES;
				GCC_WARN_UNUSED_VARIABLE = YES;
				IPHONEOS_DEPLOYMENT_TARGET = 13.2;
				MTL_ENABLE_DEBUG_INFO = NO;
				MTL_FAST_MATH = YES;
				SDKROOT = iphoneos;
				SWIFT_COMPILATION_MODE = wholemodule;
				SWIFT_OPTIMIZATION_LEVEL = "-O";
				VALIDATE_PRODUCT = YES;
			};
			name = Release;
		};
		236978E92448437600E97764 /* Debug */ = {
			isa = XCBuildConfiguration;
			buildSettings = {
				ASSETCATALOG_COMPILER_APPICON_NAME = AppIcon;
				CODE_SIGN_STYLE = Automatic;
				DEVELOPMENT_TEAM = X78BX3WNP2;
				INFOPLIST_FILE = Test_DrawFramework/Info.plist;
				LD_RUNPATH_SEARCH_PATHS = (
					"$(inherited)",
					"@executable_path/Frameworks",
				);
				PRODUCT_BUNDLE_IDENTIFIER = "com.buydeem.Test-DrawFramework";
				PRODUCT_NAME = "$(TARGET_NAME)";
				SWIFT_VERSION = 5.0;
				TARGETED_DEVICE_FAMILY = "1,2";
			};
			name = Debug;
		};
		236978EA2448437600E97764 /* Release */ = {
			isa = XCBuildConfiguration;
			buildSettings = {
				ASSETCATALOG_COMPILER_APPICON_NAME = AppIcon;
				CODE_SIGN_STYLE = Automatic;
				DEVELOPMENT_TEAM = X78BX3WNP2;
				INFOPLIST_FILE = Test_DrawFramework/Info.plist;
				LD_RUNPATH_SEARCH_PATHS = (
					"$(inherited)",
					"@executable_path/Frameworks",
				);
				PRODUCT_BUNDLE_IDENTIFIER = "com.buydeem.Test-DrawFramework";
				PRODUCT_NAME = "$(TARGET_NAME)";
				SWIFT_VERSION = 5.0;
				TARGETED_DEVICE_FAMILY = "1,2";
			};
			name = Release;
		};
/* End XCBuildConfiguration section */

/* Begin XCConfigurationList section */
		236978CC2448437200E97764 /* Build configuration list for PBXProject "Test_DrawFramework" */ = {
			isa = XCConfigurationList;
			buildConfigurations = (
				236978E62448437600E97764 /* Debug */,
				236978E72448437600E97764 /* Release */,
			);
			defaultConfigurationIsVisible = 0;
			defaultConfigurationName = Release;
		};
		236978E82448437600E97764 /* Build configuration list for PBXNativeTarget "Test_DrawFramework" */ = {
			isa = XCConfigurationList;
			buildConfigurations = (
				236978E92448437600E97764 /* Debug */,
				236978EA2448437600E97764 /* Release */,
			);
			defaultConfigurationIsVisible = 0;
			defaultConfigurationName = Release;
		};
/* End XCConfigurationList section */

/* Begin XCVersionGroup section */
		236978DD2448437200E97764 /* Test_DrawFramework.xcdatamodeld */ = {
			isa = XCVersionGroup;
			children = (
				236978DE2448437200E97764 /* Test_DrawFramework.xcdatamodel */,
			);
			currentVersion = 236978DE2448437200E97764 /* Test_DrawFramework.xcdatamodel */;
			path = Test_DrawFramework.xcdatamodeld;
			sourceTree = "<group>";
			versionGroupType = wrapper.xcdatamodel;
		};
/* End XCVersionGroup section */
	};
	rootObject = 236978C92448437200E97764 /* Project object */;
}
